// !$*UTF8*$!
{
	archiveVersion = 1;
	classes = {
	};
	objectVersion = 46;
	objects = {

/* Begin PBXBuildFile section */
		094FECE61C5C3B2000CD94F0 /* RegisterViewController.swift in Sources */ = {isa = PBXBuildFile; fileRef = 094FECE51C5C3B2000CD94F0 /* RegisterViewController.swift */; };
		B868022F1C5C2E1E0069339D /* AppDelegate.swift in Sources */ = {isa = PBXBuildFile; fileRef = B868022E1C5C2E1E0069339D /* AppDelegate.swift */; };
		B86802311C5C2E1E0069339D /* ViewController.swift in Sources */ = {isa = PBXBuildFile; fileRef = B86802301C5C2E1E0069339D /* ViewController.swift */; };
		B86802341C5C2E1E0069339D /* Main.storyboard in Resources */ = {isa = PBXBuildFile; fileRef = B86802321C5C2E1E0069339D /* Main.storyboard */; };
		B86802361C5C2E1E0069339D /* Assets.xcassets in Resources */ = {isa = PBXBuildFile; fileRef = B86802351C5C2E1E0069339D /* Assets.xcassets */; };
		B86802391C5C2E1E0069339D /* LaunchScreen.storyboard in Resources */ = {isa = PBXBuildFile; fileRef = B86802371C5C2E1E0069339D /* LaunchScreen.storyboard */; };
		D13014911C5C34FE00ECD6C1 /* LandingViewController.swift in Sources */ = {isa = PBXBuildFile; fileRef = D13014901C5C34FE00ECD6C1 /* LandingViewController.swift */; };
		D13014931C5C364F00ECD6C1 /* LoginViewController.swift in Sources */ = {isa = PBXBuildFile; fileRef = D13014921C5C364F00ECD6C1 /* LoginViewController.swift */; };
/* End PBXBuildFile section */

/* Begin PBXFileReference section */
		094FECE51C5C3B2000CD94F0 /* RegisterViewController.swift */ = {isa = PBXFileReference; fileEncoding = 4; lastKnownFileType = sourcecode.swift; path = RegisterViewController.swift; sourceTree = "<group>"; };
		B868022B1C5C2E1E0069339D /* StudyCorner-IOS.app */ = {isa = PBXFileReference; explicitFileType = wrapper.application; includeInIndex = 0; path = "StudyCorner-IOS.app"; sourceTree = BUILT_PRODUCTS_DIR; };
		B868022E1C5C2E1E0069339D /* AppDelegate.swift */ = {isa = PBXFileReference; lastKnownFileType = sourcecode.swift; path = AppDelegate.swift; sourceTree = "<group>"; };
		B86802301C5C2E1E0069339D /* ViewController.swift */ = {isa = PBXFileReference; lastKnownFileType = sourcecode.swift; path = ViewController.swift; sourceTree = "<group>"; };
		B86802331C5C2E1E0069339D /* Base */ = {isa = PBXFileReference; lastKnownFileType = file.storyboard; name = Base; path = Base.lproj/Main.storyboard; sourceTree = "<group>"; };
		B86802351C5C2E1E0069339D /* Assets.xcassets */ = {isa = PBXFileReference; lastKnownFileType = folder.assetcatalog; path = Assets.xcassets; sourceTree = "<group>"; };
		B86802381C5C2E1E0069339D /* Base */ = {isa = PBXFileReference; lastKnownFileType = file.storyboard; name = Base; path = Base.lproj/LaunchScreen.storyboard; sourceTree = "<group>"; };
		B868023A1C5C2E1E0069339D /* Info.plist */ = {isa = PBXFileReference; lastKnownFileType = text.plist.xml; path = Info.plist; sourceTree = "<group>"; };
		D13014901C5C34FE00ECD6C1 /* LandingViewController.swift */ = {isa = PBXFileReference; fileEncoding = 4; lastKnownFileType = sourcecode.swift; path = LandingViewController.swift; sourceTree = "<group>"; };
		D13014921C5C364F00ECD6C1 /* LoginViewController.swift */ = {isa = PBXFileReference; fileEncoding = 4; lastKnownFileType = sourcecode.swift; path = LoginViewController.swift; sourceTree = "<group>"; };
/* End PBXFileReference section */

/* Begin PBXFrameworksBuildPhase section */
		B86802281C5C2E1E0069339D /* Frameworks */ = {
			isa = PBXFrameworksBuildPhase;
			buildActionMask = 2147483647;
			files = (
			);
			runOnlyForDeploymentPostprocessing = 0;
		};
/* End PBXFrameworksBuildPhase section */

/* Begin PBXGroup section */
		B86802221C5C2E1E0069339D = {
			isa = PBXGroup;
			children = (
				B868022D1C5C2E1E0069339D /* StudyCorner-IOS */,
				B868022C1C5C2E1E0069339D /* Products */,
			);
			sourceTree = "<group>";
		};
		B868022C1C5C2E1E0069339D /* Products */ = {
			isa = PBXGroup;
			children = (
				B868022B1C5C2E1E0069339D /* StudyCorner-IOS.app */,
			);
			name = Products;
			sourceTree = "<group>";
		};
		B868022D1C5C2E1E0069339D /* StudyCorner-IOS */ = {
			isa = PBXGroup;
			children = (
				B868022E1C5C2E1E0069339D /* AppDelegate.swift */,
				B86802301C5C2E1E0069339D /* ViewController.swift */,
				B86802321C5C2E1E0069339D /* Main.storyboard */,
				094FECE51C5C3B2000CD94F0 /* RegisterViewController.swift */,
				D13014921C5C364F00ECD6C1 /* LoginViewController.swift */,
				D13014901C5C34FE00ECD6C1 /* LandingViewController.swift */,
				B86802351C5C2E1E0069339D /* Assets.xcassets */,
				B86802371C5C2E1E0069339D /* LaunchScreen.storyboard */,
				B868023A1C5C2E1E0069339D /* Info.plist */,
			);
			path = "StudyCorner-IOS";
			sourceTree = "<group>";
		};
/* End PBXGroup section */

/* Begin PBXNativeTarget section */
		B868022A1C5C2E1E0069339D /* StudyCorner-IOS */ = {
			isa = PBXNativeTarget;
			buildConfigurationList = B868023D1C5C2E1E0069339D /* Build configuration list for PBXNativeTarget "StudyCorner-IOS" */;
			buildPhases = (
				B86802271C5C2E1E0069339D /* Sources */,
				B86802281C5C2E1E0069339D /* Frameworks */,
				B86802291C5C2E1E0069339D /* Resources */,
			);
			buildRules = (
			);
			dependencies = (
			);
			name = "StudyCorner-IOS";
			productName = "StudyCorner-IOS";
			productReference = B868022B1C5C2E1E0069339D /* StudyCorner-IOS.app */;
			productType = "com.apple.product-type.application";
		};
/* End PBXNativeTarget section */

/* Begin PBXProject section */
		B86802231C5C2E1E0069339D /* Project object */ = {
			isa = PBXProject;
			attributes = {
				LastSwiftUpdateCheck = 0720;
				LastUpgradeCheck = 0720;
				ORGANIZATIONNAME = "Brad Bernard";
				TargetAttributes = {
					B868022A1C5C2E1E0069339D = {
						CreatedOnToolsVersion = 7.2;
					};
				};
			};
			buildConfigurationList = B86802261C5C2E1E0069339D /* Build configuration list for PBXProject "StudyCorner-IOS" */;
			compatibilityVersion = "Xcode 3.2";
			developmentRegion = English;
			hasScannedForEncodings = 0;
			knownRegions = (
				en,
				Base,
			);
			mainGroup = B86802221C5C2E1E0069339D;
			productRefGroup = B868022C1C5C2E1E0069339D /* Products */;
			projectDirPath = "";
			projectRoot = "";
			targets = (
				B868022A1C5C2E1E0069339D /* StudyCorner-IOS */,
			);
		};
/* End PBXProject section */

/* Begin PBXResourcesBuildPhase section */
		B86802291C5C2E1E0069339D /* Resources */ = {
			isa = PBXResourcesBuildPhase;
			buildActionMask = 2147483647;
			files = (
				B86802391C5C2E1E0069339D /* LaunchScreen.storyboard in Resources */,
				B86802361C5C2E1E0069339D /* Assets.xcassets in Resources */,
				B86802341C5C2E1E0069339D /* Main.storyboard in Resources */,
			);
			runOnlyForDeploymentPostprocessing = 0;
		};
/* End PBXResourcesBuildPhase section */

/* Begin PBXSourcesBuildPhase section */
		B86802271C5C2E1E0069339D /* Sources */ = {
			isa = PBXSourcesBuildPhase;
			buildActionMask = 2147483647;
			files = (
				D13014931C5C364F00ECD6C1 /* LoginViewController.swift in Sources */,
				094FECE61C5C3B2000CD94F0 /* RegisterViewController.swift in Sources */,
				B86802311C5C2E1E0069339D /* ViewController.swift in Sources */,
				D13014911C5C34FE00ECD6C1 /* LandingViewController.swift in Sources */,
				B868022F1C5C2E1E0069339D /* AppDelegate.swift in Sources */,
			);
			runOnlyForDeploymentPostprocessing = 0;
		};
/* End PBXSourcesBuildPhase section */

/* Begin PBXVariantGroup section */
		B86802321C5C2E1E0069339D /* Main.storyboard */ = {
			isa = PBXVariantGroup;
			children = (
				B86802331C5C2E1E0069339D /* Base */,
			);
			name = Main.storyboard;
			sourceTree = "<group>";
		};
		B86802371C5C2E1E0069339D /* LaunchScreen.storyboard */ = {
			isa = PBXVariantGroup;
			children = (
				B86802381C5C2E1E0069339D /* Base */,
			);
			name = LaunchScreen.storyboard;
			sourceTree = "<group>";
		};
/* End PBXVariantGroup section */

/* Begin XCBuildConfiguration section */
		B868023B1C5C2E1E0069339D /* Debug */ = {
			isa = XCBuildConfiguration;
			buildSettings = {
				ALWAYS_SEARCH_USER_PATHS = NO;
				CLANG_CXX_LANGUAGE_STANDARD = "gnu++0x";
				CLANG_CXX_LIBRARY = "libc++";
				CLANG_ENABLE_MODULES = YES;
				CLANG_ENABLE_OBJC_ARC = YES;
				CLANG_WARN_BOOL_CONVERSION = YES;
				CLANG_WARN_CONSTANT_CONVERSION = YES;
				CLANG_WARN_DIRECT_OBJC_ISA_USAGE = YES_ERROR;
				CLANG_WARN_EMPTY_BODY = YES;
				CLANG_WARN_ENUM_CONVERSION = YES;
				CLANG_WARN_INT_CONVERSION = YES;
				CLANG_WARN_OBJC_ROOT_CLASS = YES_ERROR;
				CLANG_WARN_UNREACHABLE_CODE = YES;
				CLANG_WARN__DUPLICATE_METHOD_MATCH = YES;
				"CODE_SIGN_IDENTITY[sdk=iphoneos*]" = "iPhone Developer";
				COPY_PHASE_STRIP = NO;
				DEBUG_INFORMATION_FORMAT = dwarf;
				ENABLE_STRICT_OBJC_MSGSEND = YES;
				ENABLE_TESTABILITY = YES;
				GCC_C_LANGUAGE_STANDARD = gnu99;
				GCC_DYNAMIC_NO_PIC = NO;
				GCC_NO_COMMON_BLOCKS = YES;
				GCC_OPTIMIZATION_LEVEL = 0;
				GCC_PREPROCESSOR_DEFINITIONS = (
					"DEBUG=1",
					"$(inherited)",
				);
				GCC_WARN_64_TO_32_BIT_CONVERSION = YES;
				GCC_WARN_ABOUT_RETURN_TYPE = YES_ERROR;
				GCC_WARN_UNDECLARED_SELECTOR = YES;
				GCC_WARN_UNINITIALIZED_AUTOS = YES_AGGRESSIVE;
				GCC_WARN_UNUSED_FUNCTION = YES;
				GCC_WARN_UNUSED_VARIABLE = YES;
				IPHONEOS_DEPLOYMENT_TARGET = 9.2;
				MTL_ENABLE_DEBUG_INFO = YES;
				ONLY_ACTIVE_ARCH = YES;
				SDKROOT = iphoneos;
				SWIFT_OPTIMIZATION_LEVEL = "-Onone";
			};
			name = Debug;
		};
		B868023C1C5C2E1E0069339D /* Release */ = {
			isa = XCBuildConfiguration;
			buildSettings = {
				ALWAYS_SEARCH_USER_PATHS = NO;
				CLANG_CXX_LANGUAGE_STANDARD = "gnu++0x";
				CLANG_CXX_LIBRARY = "libc++";
				CLANG_ENABLE_MODULES = YES;
				CLANG_ENABLE_OBJC_ARC = YES;
				CLANG_WARN_BOOL_CONVERSION = YES;
				CLANG_WARN_CONSTANT_CONVERSION = YES;
				CLANG_WARN_DIRECT_OBJC_ISA_USAGE = YES_ERROR;
				CLANG_WARN_EMPTY_BODY = YES;
				CLANG_WARN_ENUM_CONVERSION = YES;
				CLANG_WARN_INT_CONVERSION = YES;
				CLANG_WARN_OBJC_ROOT_CLASS = YES_ERROR;
				CLANG_WARN_UNREACHABLE_CODE = YES;
				CLANG_WARN__DUPLICATE_METHOD_MATCH = YES;
				"CODE_SIGN_IDENTITY[sdk=iphoneos*]" = "iPhone Developer";
				COPY_PHASE_STRIP = NO;
				DEBUG_INFORMATION_FORMAT = "dwarf-with-dsym";
				ENABLE_NS_ASSERTIONS = NO;
				ENABLE_STRICT_OBJC_MSGSEND = YES;
				GCC_C_LANGUAGE_STANDARD = gnu99;
				GCC_NO_COMMON_BLOCKS = YES;
				GCC_WARN_64_TO_32_BIT_CONVERSION = YES;
				GCC_WARN_ABOUT_RETURN_TYPE = YES_ERROR;
				GCC_WARN_UNDECLARED_SELECTOR = YES;
				GCC_WARN_UNINITIALIZED_AUTOS = YES_AGGRESSIVE;
				GCC_WARN_UNUSED_FUNCTION = YES;
				GCC_WARN_UNUSED_VARIABLE = YES;
				IPHONEOS_DEPLOYMENT_TARGET = 9.2;
				MTL_ENABLE_DEBUG_INFO = NO;
				SDKROOT = iphoneos;
				VALIDATE_PRODUCT = YES;
			};
			name = Release;
		};
		B868023E1C5C2E1E0069339D /* Debug */ = {
			isa = XCBuildConfiguration;
			buildSettings = {
				ASSETCATALOG_COMPILER_APPICON_NAME = AppIcon;
				INFOPLIST_FILE = "StudyCorner-IOS/Info.plist";
				LD_RUNPATH_SEARCH_PATHS = "$(inherited) @executable_path/Frameworks";
				PRODUCT_BUNDLE_IDENTIFIER = "com.bradbernard.StudyCorner-IOS";
				PRODUCT_NAME = "$(TARGET_NAME)";
			};
			name = Debug;
		};
		B868023F1C5C2E1E0069339D /* Release */ = {
			isa = XCBuildConfiguration;
			buildSettings = {
				ASSETCATALOG_COMPILER_APPICON_NAME = AppIcon;
				INFOPLIST_FILE = "StudyCorner-IOS/Info.plist";
				LD_RUNPATH_SEARCH_PATHS = "$(inherited) @executable_path/Frameworks";
				PRODUCT_BUNDLE_IDENTIFIER = "com.bradbernard.StudyCorner-IOS";
				PRODUCT_NAME = "$(TARGET_NAME)";
			};
			name = Release;
		};
/* End XCBuildConfiguration section */

/* Begin XCConfigurationList section */
		B86802261C5C2E1E0069339D /* Build configuration list for PBXProject "StudyCorner-IOS" */ = {
			isa = XCConfigurationList;
			buildConfigurations = (
				B868023B1C5C2E1E0069339D /* Debug */,
				B868023C1C5C2E1E0069339D /* Release */,
			);
			defaultConfigurationIsVisible = 0;
			defaultConfigurationName = Release;
		};
		B868023D1C5C2E1E0069339D /* Build configuration list for PBXNativeTarget "StudyCorner-IOS" */ = {
			isa = XCConfigurationList;
			buildConfigurations = (
				B868023E1C5C2E1E0069339D /* Debug */,
				B868023F1C5C2E1E0069339D /* Release */,
			);
			defaultConfigurationIsVisible = 0;
			defaultConfigurationName = Release;
		};
/* End XCConfigurationList section */
	};
	rootObject = B86802231C5C2E1E0069339D /* Project object */;
}
